// !$*UTF8*$!
{
	archiveVersion = 1;
	classes = {
	};
	objectVersion = 50;
	objects = {

/* Begin PBXBuildFile section */
		1B252FB32396429C003B9FFF /* MKPointAnnotation-ObservableObject.swift in Sources */ = {isa = PBXBuildFile; fileRef = 1B252FB22396429C003B9FFF /* MKPointAnnotation-ObservableObject.swift */; };
		1B252FB5239643AB003B9FFF /* EditingView.swift in Sources */ = {isa = PBXBuildFile; fileRef = 1B252FB4239643AB003B9FFF /* EditingView.swift */; };
		1B252FB723965431003B9FFF /* Result.swift in Sources */ = {isa = PBXBuildFile; fileRef = 1B252FB623965431003B9FFF /* Result.swift */; };
		1B2DCF37239439F70019DE13 /* MapView .swift in Sources */ = {isa = PBXBuildFile; fileRef = 1B2DCF36239439F70019DE13 /* MapView .swift */; };
		1B5EA0142397B0E8003C19CF /* MKPointAnnotation-Codable.swift in Sources */ = {isa = PBXBuildFile; fileRef = 1B5EA0132397B0E8003C19CF /* MKPointAnnotation-Codable.swift */; };
		1B721A06239263E2005ED361 /* AppDelegate.swift in Sources */ = {isa = PBXBuildFile; fileRef = 1B721A05239263E2005ED361 /* AppDelegate.swift */; };
		1B721A08239263E2005ED361 /* SceneDelegate.swift in Sources */ = {isa = PBXBuildFile; fileRef = 1B721A07239263E2005ED361 /* SceneDelegate.swift */; };
		1B721A0A239263E2005ED361 /* ContentView.swift in Sources */ = {isa = PBXBuildFile; fileRef = 1B721A09239263E2005ED361 /* ContentView.swift */; };
		1B721A0C239263E7005ED361 /* Assets.xcassets in Resources */ = {isa = PBXBuildFile; fileRef = 1B721A0B239263E7005ED361 /* Assets.xcassets */; };
		1B721A0F239263E7005ED361 /* Preview Assets.xcassets in Resources */ = {isa = PBXBuildFile; fileRef = 1B721A0E239263E7005ED361 /* Preview Assets.xcassets */; };
		1B721A12239263E7005ED361 /* LaunchScreen.storyboard in Resources */ = {isa = PBXBuildFile; fileRef = 1B721A10239263E7005ED361 /* LaunchScreen.storyboard */; };
		1B721A1A2392CDB3005ED361 /* FileManager.swift in Sources */ = {isa = PBXBuildFile; fileRef = 1B721A192392CDB2005ED361 /* FileManager.swift */; };
/* End PBXBuildFile section */

/* Begin PBXFileReference section */
		1B252FB22396429C003B9FFF /* MKPointAnnotation-ObservableObject.swift */ = {isa = PBXFileReference; lastKnownFileType = sourcecode.swift; path = "MKPointAnnotation-ObservableObject.swift"; sourceTree = "<group>"; };
		1B252FB4239643AB003B9FFF /* EditingView.swift */ = {isa = PBXFileReference; lastKnownFileType = sourcecode.swift; path = EditingView.swift; sourceTree = "<group>"; };
		1B252FB623965431003B9FFF /* Result.swift */ = {isa = PBXFileReference; lastKnownFileType = sourcecode.swift; path = Result.swift; sourceTree = "<group>"; };
		1B2DCF36239439F70019DE13 /* MapView .swift */ = {isa = PBXFileReference; lastKnownFileType = sourcecode.swift; path = "MapView .swift"; sourceTree = SOURCE_ROOT; };
		1B5EA0132397B0E8003C19CF /* MKPointAnnotation-Codable.swift */ = {isa = PBXFileReference; lastKnownFileType = sourcecode.swift; path = "MKPointAnnotation-Codable.swift"; sourceTree = "<group>"; };
		1B721A02239263E2005ED361 /* BucketList.app */ = {isa = PBXFileReference; explicitFileType = wrapper.application; includeInIndex = 0; path = BucketList.app; sourceTree = BUILT_PRODUCTS_DIR; };
		1B721A05239263E2005ED361 /* AppDelegate.swift */ = {isa = PBXFileReference; lastKnownFileType = sourcecode.swift; path = AppDelegate.swift; sourceTree = "<group>"; };
		1B721A07239263E2005ED361 /* SceneDelegate.swift */ = {isa = PBXFileReference; lastKnownFileType = sourcecode.swift; path = SceneDelegate.swift; sourceTree = "<group>"; };
		1B721A09239263E2005ED361 /* ContentView.swift */ = {isa = PBXFileReference; lastKnownFileType = sourcecode.swift; path = ContentView.swift; sourceTree = "<group>"; };
		1B721A0B239263E7005ED361 /* Assets.xcassets */ = {isa = PBXFileReference; lastKnownFileType = folder.assetcatalog; path = Assets.xcassets; sourceTree = "<group>"; };
		1B721A0E239263E7005ED361 /* Preview Assets.xcassets */ = {isa = PBXFileReference; lastKnownFileType = folder.assetcatalog; path = "Preview Assets.xcassets"; sourceTree = "<group>"; };
		1B721A11239263E7005ED361 /* Base */ = {isa = PBXFileReference; lastKnownFileType = file.storyboard; name = Base; path = Base.lproj/LaunchScreen.storyboard; sourceTree = "<group>"; };
		1B721A13239263E7005ED361 /* Info.plist */ = {isa = PBXFileReference; lastKnownFileType = text.plist.xml; path = Info.plist; sourceTree = "<group>"; };
		1B721A192392CDB2005ED361 /* FileManager.swift */ = {isa = PBXFileReference; lastKnownFileType = sourcecode.swift; path = FileManager.swift; sourceTree = SOURCE_ROOT; };
/* End PBXFileReference section */

/* Begin PBXFrameworksBuildPhase section */
		1B7219FF239263E2005ED361 /* Frameworks */ = {
			isa = PBXFrameworksBuildPhase;
			buildActionMask = 2147483647;
			files = (
			);
			runOnlyForDeploymentPostprocessing = 0;
		};
/* End PBXFrameworksBuildPhase section */

/* Begin PBXGroup section */
		1B7219F9239263E2005ED361 = {
			isa = PBXGroup;
			children = (
				1B721A04239263E2005ED361 /* BucketList */,
				1B721A03239263E2005ED361 /* Products */,
			);
			sourceTree = "<group>";
		};
		1B721A03239263E2005ED361 /* Products */ = {
			isa = PBXGroup;
			children = (
				1B721A02239263E2005ED361 /* BucketList.app */,
			);
			name = Products;
			sourceTree = "<group>";
		};
		1B721A04239263E2005ED361 /* BucketList */ = {
			isa = PBXGroup;
			children = (
				1B2DCF36239439F70019DE13 /* MapView .swift */,
				1B5EA0132397B0E8003C19CF /* MKPointAnnotation-Codable.swift */,
				1B252FB22396429C003B9FFF /* MKPointAnnotation-ObservableObject.swift */,
				1B252FB4239643AB003B9FFF /* EditingView.swift */,
				1B721A192392CDB2005ED361 /* FileManager.swift */,
				1B721A05239263E2005ED361 /* AppDelegate.swift */,
				1B721A07239263E2005ED361 /* SceneDelegate.swift */,
				1B721A09239263E2005ED361 /* ContentView.swift */,
				1B252FB623965431003B9FFF /* Result.swift */,
				1B721A0B239263E7005ED361 /* Assets.xcassets */,
				1B721A10239263E7005ED361 /* LaunchScreen.storyboard */,
				1B721A13239263E7005ED361 /* Info.plist */,
				1B721A0D239263E7005ED361 /* Preview Content */,
			);
			path = BucketList;
			sourceTree = "<group>";
		};
		1B721A0D239263E7005ED361 /* Preview Content */ = {
			isa = PBXGroup;
			children = (
				1B721A0E239263E7005ED361 /* Preview Assets.xcassets */,
			);
			path = "Preview Content";
			sourceTree = "<group>";
		};
/* End PBXGroup section */

/* Begin PBXNativeTarget section */
		1B721A01239263E2005ED361 /* BucketList */ = {
			isa = PBXNativeTarget;
			buildConfigurationList = 1B721A16239263E7005ED361 /* Build configuration list for PBXNativeTarget "BucketList" */;
			buildPhases = (
				1B7219FE239263E2005ED361 /* Sources */,
				1B7219FF239263E2005ED361 /* Frameworks */,
				1B721A00239263E2005ED361 /* Resources */,
			);
			buildRules = (
			);
			dependencies = (
			);
			name = BucketList;
			productName = BucketList;
			productReference = 1B721A02239263E2005ED361 /* BucketList.app */;
			productType = "com.apple.product-type.application";
		};
/* End PBXNativeTarget section */

/* Begin PBXProject section */
		1B7219FA239263E2005ED361 /* Project object */ = {
			isa = PBXProject;
			attributes = {
				LastSwiftUpdateCheck = 1120;
				LastUpgradeCheck = 1120;
				ORGANIZATIONNAME = "Levit Kanner";
				TargetAttributes = {
					1B721A01239263E2005ED361 = {
						CreatedOnToolsVersion = 11.2.1;
					};
				};
			};
			buildConfigurationList = 1B7219FD239263E2005ED361 /* Build configuration list for PBXProject "BucketList" */;
			compatibilityVersion = "Xcode 9.3";
			developmentRegion = en;
			hasScannedForEncodings = 0;
			knownRegions = (
				en,
				Base,
			);
			mainGroup = 1B7219F9239263E2005ED361;
			productRefGroup = 1B721A03239263E2005ED361 /* Products */;
			projectDirPath = "";
			projectRoot = "";
			targets = (
				1B721A01239263E2005ED361 /* BucketList */,
			);
		};
/* End PBXProject section */

/* Begin PBXResourcesBuildPhase section */
		1B721A00239263E2005ED361 /* Resources */ = {
			isa = PBXResourcesBuildPhase;
			buildActionMask = 2147483647;
			files = (
				1B721A12239263E7005ED361 /* LaunchScreen.storyboard in Resources */,
				1B721A0F239263E7005ED361 /* Preview Assets.xcassets in Resources */,
				1B721A0C239263E7005ED361 /* Assets.xcassets in Resources */,
			);
			runOnlyForDeploymentPostprocessing = 0;
		};
/* End PBXResourcesBuildPhase section */

/* Begin PBXSourcesBuildPhase section */
		1B7219FE239263E2005ED361 /* Sources */ = {
			isa = PBXSourcesBuildPhase;
			buildActionMask = 2147483647;
			files = (
				1B721A06239263E2005ED361 /* AppDelegate.swift in Sources */,
				1B252FB32396429C003B9FFF /* MKPointAnnotation-ObservableObject.swift in Sources */,
				1B721A08239263E2005ED361 /* SceneDelegate.swift in Sources */,
				1B252FB5239643AB003B9FFF /* EditingView.swift in Sources */,
				1B721A0A239263E2005ED361 /* ContentView.swift in Sources */,
				1B2DCF37239439F70019DE13 /* MapView .swift in Sources */,
				1B5EA0142397B0E8003C19CF /* MKPointAnnotation-Codable.swift in Sources */,
				1B252FB723965431003B9FFF /* Result.swift in Sources */,
				1B721A1A2392CDB3005ED361 /* FileManager.swift in Sources */,
			);
			runOnlyForDeploymentPostprocessing = 0;
		};
/* End PBXSourcesBuildPhase section */

/* Begin PBXVariantGroup section */
		1B721A10239263E7005ED361 /* LaunchScreen.storyboard */ = {
			isa = PBXVariantGroup;
			children = (
				1B721A11239263E7005ED361 /* Base */,
			);
			name = LaunchScreen.storyboard;
			sourceTree = "<group>";
		};
/* End PBXVariantGroup section */

/* Begin XCBuildConfiguration section */
		1B721A14239263E7005ED361 /* Debug */ = {
			isa = XCBuildConfiguration;
			buildSettings = {
				ALWAYS_SEARCH_USER_PATHS = NO;
				CLANG_ANALYZER_NONNULL = YES;
				CLANG_ANALYZER_NUMBER_OBJECT_CONVERSION = YES_AGGRESSIVE;
				CLANG_CXX_LANGUAGE_STANDARD = "gnu++14";
				CLANG_CXX_LIBRARY = "libc++";
				CLANG_ENABLE_MODULES = YES;
				CLANG_ENABLE_OBJC_ARC = YES;
				CLANG_ENABLE_OBJC_WEAK = YES;
				CLANG_WARN_BLOCK_CAPTURE_AUTORELEASING = YES;
				CLANG_WARN_BOOL_CONVERSION = YES;
				CLANG_WARN_COMMA = YES;
				CLANG_WARN_CONSTANT_CONVERSION = YES;
				CLANG_WARN_DEPRECATED_OBJC_IMPLEMENTATIONS = YES;
				CLANG_WARN_DIRECT_OBJC_ISA_USAGE = YES_ERROR;
				CLANG_WARN_DOCUMENTATION_COMMENTS = YES;
				CLANG_WARN_EMPTY_BODY = YES;
				CLANG_WARN_ENUM_CONVERSION = YES;
				CLANG_WARN_INFINITE_RECURSION = YES;
				CLANG_WARN_INT_CONVERSION = YES;
				CLANG_WARN_NON_LITERAL_NULL_CONVERSION = YES;
				CLANG_WARN_OBJC_IMPLICIT_RETAIN_SELF = YES;
				CLANG_WARN_OBJC_LITERAL_CONVERSION = YES;
				CLANG_WARN_OBJC_ROOT_CLASS = YES_ERROR;
				CLANG_WARN_RANGE_LOOP_ANALYSIS = YES;
				CLANG_WARN_STRICT_PROTOTYPES = YES;
				CLANG_WARN_SUSPICIOUS_MOVE = YES;
				CLANG_WARN_UNGUARDED_AVAILABILITY = YES_AGGRESSIVE;
				CLANG_WARN_UNREACHABLE_CODE = YES;
				CLANG_WARN__DUPLICATE_METHOD_MATCH = YES;
				COPY_PHASE_STRIP = NO;
				DEBUG_INFORMATION_FORMAT = dwarf;
				ENABLE_STRICT_OBJC_MSGSEND = YES;
				ENABLE_TESTABILITY = YES;
				GCC_C_LANGUAGE_STANDARD = gnu11;
				GCC_DYNAMIC_NO_PIC = NO;
				GCC_NO_COMMON_BLOCKS = YES;
				GCC_OPTIMIZATION_LEVEL = 0;
				GCC_PREPROCESSOR_DEFINITIONS = (
					"DEBUG=1",
					"$(inherited)",
				);
				GCC_WARN_64_TO_32_BIT_CONVERSION = YES;
				GCC_WARN_ABOUT_RETURN_TYPE = YES_ERROR;
				GCC_WARN_UNDECLARED_SELECTOR = YES;
				GCC_WARN_UNINITIALIZED_AUTOS = YES_AGGRESSIVE;
				GCC_WARN_UNUSED_FUNCTION = YES;
				GCC_WARN_UNUSED_VARIABLE = YES;
				IPHONEOS_DEPLOYMENT_TARGET = 13.2;
				MTL_ENABLE_DEBUG_INFO = INCLUDE_SOURCE;
				MTL_FAST_MATH = YES;
				ONLY_ACTIVE_ARCH = YES;
				SDKROOT = iphoneos;
				SWIFT_ACTIVE_COMPILATION_CONDITIONS = DEBUG;
				SWIFT_OPTIMIZATION_LEVEL = "-Onone";
			};
			name = Debug;
		};
		1B721A15239263E7005ED361 /* Release */ = {
			isa = XCBuildConfiguration;
			buildSettings = {
				ALWAYS_SEARCH_USER_PATHS = NO;
				CLANG_ANALYZER_NONNULL = YES;
				CLANG_ANALYZER_NUMBER_OBJECT_CONVERSION = YES_AGGRESSIVE;
				CLANG_CXX_LANGUAGE_STANDARD = "gnu++14";
				CLANG_CXX_LIBRARY = "libc++";
				CLANG_ENABLE_MODULES = YES;
				CLANG_ENABLE_OBJC_ARC = YES;
				CLANG_ENABLE_OBJC_WEAK = YES;
				CLANG_WARN_BLOCK_CAPTURE_AUTORELEASING = YES;
				CLANG_WARN_BOOL_CONVERSION = YES;
				CLANG_WARN_COMMA = YES;
				CLANG_WARN_CONSTANT_CONVERSION = YES;
				CLANG_WARN_DEPRECATED_OBJC_IMPLEMENTATIONS = YES;
				CLANG_WARN_DIRECT_OBJC_ISA_USAGE = YES_ERROR;
				CLANG_WARN_DOCUMENTATION_COMMENTS = YES;
				CLANG_WARN_EMPTY_BODY = YES;
				CLANG_WARN_ENUM_CONVERSION = YES;
				CLANG_WARN_INFINITE_RECURSION = YES;
				CLANG_WARN_INT_CONVERSION = YES;
				CLANG_WARN_NON_LITERAL_NULL_CONVERSION = YES;
				CLANG_WARN_OBJC_IMPLICIT_RETAIN_SELF = YES;
				CLANG_WARN_OBJC_LITERAL_CONVERSION = YES;
				CLANG_WARN_OBJC_ROOT_CLASS = YES_ERROR;
				CLANG_WARN_RANGE_LOOP_ANALYSIS = YES;
				CLANG_WARN_STRICT_PROTOTYPES = YES;
				CLANG_WARN_SUSPICIOUS_MOVE = YES;
				CLANG_WARN_UNGUARDED_AVAILABILITY = YES_AGGRESSIVE;
				CLANG_WARN_UNREACHABLE_CODE = YES;
				CLANG_WARN__DUPLICATE_METHOD_MATCH = YES;
				COPY_PHASE_STRIP = NO;
				DEBUG_INFORMATION_FORMAT = "dwarf-with-dsym";
				ENABLE_NS_ASSERTIONS = NO;
				ENABLE_STRICT_OBJC_MSGSEND = YES;
				GCC_C_LANGUAGE_STANDARD = gnu11;
				GCC_NO_COMMON_BLOCKS = YES;
				GCC_WARN_64_TO_32_BIT_CONVERSION = YES;
				GCC_WARN_ABOUT_RETURN_TYPE = YES_ERROR;
				GCC_WARN_UNDECLARED_SELECTOR = YES;
				GCC_WARN_UNINITIALIZED_AUTOS = YES_AGGRESSIVE;
				GCC_WARN_UNUSED_FUNCTION = YES;
				GCC_WARN_UNUSED_VARIABLE = YES;
				IPHONEOS_DEPLOYMENT_TARGET = 13.2;
				MTL_ENABLE_DEBUG_INFO = NO;
				MTL_FAST_MATH = YES;
				SDKROOT = iphoneos;
				SWIFT_COMPILATION_MODE = wholemodule;
				SWIFT_OPTIMIZATION_LEVEL = "-O";
				VALIDATE_PRODUCT = YES;
			};
			name = Release;
		};
		1B721A17239263E7005ED361 /* Debug */ = {
			isa = XCBuildConfiguration;
			buildSettings = {
				ASSETCATALOG_COMPILER_APPICON_NAME = AppIcon;
				CODE_SIGN_STYLE = Automatic;
				DEVELOPMENT_ASSET_PATHS = "\"BucketList/Preview Content\"";
				DEVELOPMENT_TEAM = R466KD5U6U;
				ENABLE_PREVIEWS = YES;
				INFOPLIST_FILE = BucketList/Info.plist;
				IPHONEOS_DEPLOYMENT_TARGET = 13.0;
				LD_RUNPATH_SEARCH_PATHS = (
					"$(inherited)",
					"@executable_path/Frameworks",
				);
				PRODUCT_BUNDLE_IDENTIFIER = Nikasemo.BucketList;
				PRODUCT_NAME = "$(TARGET_NAME)";
				SWIFT_VERSION = 5.0;
				TARGETED_DEVICE_FAMILY = "1,2";
			};
			name = Debug;
		};
		1B721A18239263E7005ED361 /* Release */ = {
			isa = XCBuildConfiguration;
			buildSettings = {
				ASSETCATALOG_COMPILER_APPICON_NAME = AppIcon;
				CODE_SIGN_STYLE = Automatic;
				DEVELOPMENT_ASSET_PATHS = "\"BucketList/Preview Content\"";
				DEVELOPMENT_TEAM = R466KD5U6U;
				ENABLE_PREVIEWS = YES;
				INFOPLIST_FILE = BucketList/Info.plist;
				IPHONEOS_DEPLOYMENT_TARGET = 13.0;
				LD_RUNPATH_SEARCH_PATHS = (
					"$(inherited)",
					"@executable_path/Frameworks",
				);
				PRODUCT_BUNDLE_IDENTIFIER = Nikasemo.BucketList;
				PRODUCT_NAME = "$(TARGET_NAME)";
				SWIFT_VERSION = 5.0;
				TARGETED_DEVICE_FAMILY = "1,2";
			};
			name = Release;
		};
/* End XCBuildConfiguration section */

/* Begin XCConfigurationList section */
		1B7219FD239263E2005ED361 /* Build configuration list for PBXProject "BucketList" */ = {
			isa = XCConfigurationList;
			buildConfigurations = (
				1B721A14239263E7005ED361 /* Debug */,
				1B721A15239263E7005ED361 /* Release */,
			);
			defaultConfigurationIsVisible = 0;
			defaultConfigurationName = Release;
		};
		1B721A16239263E7005ED361 /* Build configuration list for PBXNativeTarget "BucketList" */ = {
			isa = XCConfigurationList;
			buildConfigurations = (
				1B721A17239263E7005ED361 /* Debug */,
				1B721A18239263E7005ED361 /* Release */,
			);
			defaultConfigurationIsVisible = 0;
			defaultConfigurationName = Release;
		};
/* End XCConfigurationList section */
	};
	rootObject = 1B7219FA239263E2005ED361 /* Project object */;
}
